
Microsoft Visual Studio Solution File, Format Version 10.00
# Visual C# Express 2008
Project("{FAE04EC0-301F-11D3-BF4B-00C04F79EFBC}") = "PROJ_EXT_17_V10", "PROJ_EXT_17_V10\PROJ_EXT_17_V10.csproj", "{BD09DADF-2C5B-4DA9-8605-B3A40E480FDC}"
EndProject
Global
	GlobalSection(SolutionConfigurationPlatforms) = preSolution
		Debug|Any CPU = Debug|Any CPU
		Release|Any CPU = Release|Any CPU
	EndGlobalSection
	GlobalSection(ProjectConfigurationPlatforms) = postSolution
		{BD09DADF-2C5B-4DA9-8605-B3A40E480FDC}.Debug|Any CPU.ActiveCfg = Debug|Any CPU
		{BD09DADF-2C5B-4DA9-8605-B3A40E480FDC}.Debug|Any CPU.Build.0 = Debug|Any CPU
		{BD09DADF-2C5B-4DA9-8605-B3A40E480FDC}.Release|Any CPU.ActiveCfg = Release|Any CPU
		{BD09DADF-2C5B-4DA9-8605-B3A40E480FDC}.Release|Any CPU.Build.0 = Release|Any CPU
	EndGlobalSection
	GlobalSection(SolutionProperties) = preSolution
		HideSolutionNode = FALSE
	EndGlobalSection
EndGlobal
